// !$*UTF8*$!
{
	archiveVersion = 1;
	classes = {
	};
	objectVersion = 50;
	objects = {

/* Begin PBXBuildFile section */
		35456DAD240F9AAA000951D5 /* swift_grammar.swift in Sources */ = {isa = PBXBuildFile; fileRef = 35456DAC240F9AAA000951D5 /* swift_grammar.swift */; };
		35B2993A2403AD4B000D7D69 /* MachOTests.swift in Sources */ = {isa = PBXBuildFile; fileRef = 35B299392403AD4B000D7D69 /* MachOTests.swift */; };
		35B299452403AD4C000D7D69 /* MachOUITests.swift in Sources */ = {isa = PBXBuildFile; fileRef = 35B299442403AD4C000D7D69 /* MachOUITests.swift */; };
		35B299532403AD64000D7D69 /* MachO.swift in Sources */ = {isa = PBXBuildFile; fileRef = 35B299522403AD64000D7D69 /* MachO.swift */; };
		35DD7F6A24065BA900551E76 /* UI.swift in Sources */ = {isa = PBXBuildFile; fileRef = 35DD7F6924065BA900551E76 /* UI.swift */; };
		35DD7F6C2406BD9700551E76 /* runtime.swift in Sources */ = {isa = PBXBuildFile; fileRef = 35DD7F6B2406BD9700551E76 /* runtime.swift */; };
/* End PBXBuildFile section */

/* Begin PBXContainerItemProxy section */
		35B299362403AD4B000D7D69 /* PBXContainerItemProxy */ = {
			isa = PBXContainerItemProxy;
			containerPortal = 35B299172403AD49000D7D69 /* Project object */;
			proxyType = 1;
			remoteGlobalIDString = 35B2991E2403AD49000D7D69;
			remoteInfo = MachO;
		};
		35B299412403AD4C000D7D69 /* PBXContainerItemProxy */ = {
			isa = PBXContainerItemProxy;
			containerPortal = 35B299172403AD49000D7D69 /* Project object */;
			proxyType = 1;
			remoteGlobalIDString = 35B2991E2403AD49000D7D69;
			remoteInfo = MachO;
		};
/* End PBXContainerItemProxy section */

/* Begin PBXFileReference section */
		35456DAC240F9AAA000951D5 /* swift_grammar.swift */ = {isa = PBXFileReference; lastKnownFileType = sourcecode.swift; path = swift_grammar.swift; sourceTree = "<group>"; };
		35B2991F2403AD49000D7D69 /* MachO.app */ = {isa = PBXFileReference; explicitFileType = wrapper.application; includeInIndex = 0; path = MachO.app; sourceTree = BUILT_PRODUCTS_DIR; };
		35B299352403AD4B000D7D69 /* MachOTests.xctest */ = {isa = PBXFileReference; explicitFileType = wrapper.cfbundle; includeInIndex = 0; path = MachOTests.xctest; sourceTree = BUILT_PRODUCTS_DIR; };
		35B299392403AD4B000D7D69 /* MachOTests.swift */ = {isa = PBXFileReference; lastKnownFileType = sourcecode.swift; path = MachOTests.swift; sourceTree = "<group>"; };
		35B2993B2403AD4B000D7D69 /* Info.plist */ = {isa = PBXFileReference; lastKnownFileType = text.plist.xml; path = Info.plist; sourceTree = "<group>"; };
		35B299402403AD4C000D7D69 /* MachOUITests.xctest */ = {isa = PBXFileReference; explicitFileType = wrapper.cfbundle; includeInIndex = 0; path = MachOUITests.xctest; sourceTree = BUILT_PRODUCTS_DIR; };
		35B299442403AD4C000D7D69 /* MachOUITests.swift */ = {isa = PBXFileReference; lastKnownFileType = sourcecode.swift; path = MachOUITests.swift; sourceTree = "<group>"; };
		35B299462403AD4C000D7D69 /* Info.plist */ = {isa = PBXFileReference; lastKnownFileType = text.plist.xml; path = Info.plist; sourceTree = "<group>"; };
		35B299522403AD64000D7D69 /* MachO.swift */ = {isa = PBXFileReference; lastKnownFileType = sourcecode.swift; path = MachO.swift; sourceTree = "<group>"; };
		35DD7F6924065BA900551E76 /* UI.swift */ = {isa = PBXFileReference; lastKnownFileType = sourcecode.swift; path = UI.swift; sourceTree = "<group>"; };
		35DD7F6B2406BD9700551E76 /* runtime.swift */ = {isa = PBXFileReference; lastKnownFileType = sourcecode.swift; path = runtime.swift; sourceTree = "<group>"; };
/* End PBXFileReference section */

/* Begin PBXFrameworksBuildPhase section */
		35B2991C2403AD49000D7D69 /* Frameworks */ = {
			isa = PBXFrameworksBuildPhase;
			buildActionMask = 2147483647;
			files = (
			);
			runOnlyForDeploymentPostprocessing = 0;
		};
		35B299322403AD4B000D7D69 /* Frameworks */ = {
			isa = PBXFrameworksBuildPhase;
			buildActionMask = 2147483647;
			files = (
			);
			runOnlyForDeploymentPostprocessing = 0;
		};
		35B2993D2403AD4C000D7D69 /* Frameworks */ = {
			isa = PBXFrameworksBuildPhase;
			buildActionMask = 2147483647;
			files = (
			);
			runOnlyForDeploymentPostprocessing = 0;
		};
/* End PBXFrameworksBuildPhase section */

/* Begin PBXGroup section */
		35B299162403AD49000D7D69 = {
			isa = PBXGroup;
			children = (
				35B299212403AD49000D7D69 /* MachO */,
				35B299382403AD4B000D7D69 /* MachOTests */,
				35B299432403AD4C000D7D69 /* MachOUITests */,
				35B299202403AD49000D7D69 /* Products */,
			);
			sourceTree = "<group>";
		};
		35B299202403AD49000D7D69 /* Products */ = {
			isa = PBXGroup;
			children = (
				35B2991F2403AD49000D7D69 /* MachO.app */,
				35B299352403AD4B000D7D69 /* MachOTests.xctest */,
				35B299402403AD4C000D7D69 /* MachOUITests.xctest */,
			);
			name = Products;
			sourceTree = "<group>";
		};
		35B299212403AD49000D7D69 /* MachO */ = {
			isa = PBXGroup;
			children = (
				35B299522403AD64000D7D69 /* MachO.swift */,
				35DD7F6924065BA900551E76 /* UI.swift */,
				35DD7F6B2406BD9700551E76 /* runtime.swift */,
				35456DAC240F9AAA000951D5 /* swift_grammar.swift */,
			);
			path = MachO;
			sourceTree = "<group>";
		};
		35B299382403AD4B000D7D69 /* MachOTests */ = {
			isa = PBXGroup;
			children = (
				35B299392403AD4B000D7D69 /* MachOTests.swift */,
				35B2993B2403AD4B000D7D69 /* Info.plist */,
			);
			path = MachOTests;
			sourceTree = "<group>";
		};
		35B299432403AD4C000D7D69 /* MachOUITests */ = {
			isa = PBXGroup;
			children = (
				35B299442403AD4C000D7D69 /* MachOUITests.swift */,
				35B299462403AD4C000D7D69 /* Info.plist */,
			);
			path = MachOUITests;
			sourceTree = "<group>";
		};
/* End PBXGroup section */

/* Begin PBXNativeTarget section */
		35B2991E2403AD49000D7D69 /* MachO */ = {
			isa = PBXNativeTarget;
			buildConfigurationList = 35B299492403AD4C000D7D69 /* Build configuration list for PBXNativeTarget "MachO" */;
			buildPhases = (
				35B2991B2403AD49000D7D69 /* Sources */,
				35B2991C2403AD49000D7D69 /* Frameworks */,
				35B2991D2403AD49000D7D69 /* Resources */,
			);
			buildRules = (
			);
			dependencies = (
			);
			name = MachO;
			productName = MachO;
			productReference = 35B2991F2403AD49000D7D69 /* MachO.app */;
			productType = "com.apple.product-type.application";
		};
		35B299342403AD4B000D7D69 /* MachOTests */ = {
			isa = PBXNativeTarget;
			buildConfigurationList = 35B2994C2403AD4C000D7D69 /* Build configuration list for PBXNativeTarget "MachOTests" */;
			buildPhases = (
				35B299312403AD4B000D7D69 /* Sources */,
				35B299322403AD4B000D7D69 /* Frameworks */,
				35B299332403AD4B000D7D69 /* Resources */,
			);
			buildRules = (
			);
			dependencies = (
				35B299372403AD4B000D7D69 /* PBXTargetDependency */,
			);
			name = MachOTests;
			productName = MachOTests;
			productReference = 35B299352403AD4B000D7D69 /* MachOTests.xctest */;
			productType = "com.apple.product-type.bundle.unit-test";
		};
		35B2993F2403AD4C000D7D69 /* MachOUITests */ = {
			isa = PBXNativeTarget;
			buildConfigurationList = 35B2994F2403AD4C000D7D69 /* Build configuration list for PBXNativeTarget "MachOUITests" */;
			buildPhases = (
				35B2993C2403AD4C000D7D69 /* Sources */,
				35B2993D2403AD4C000D7D69 /* Frameworks */,
				35B2993E2403AD4C000D7D69 /* Resources */,
			);
			buildRules = (
			);
			dependencies = (
				35B299422403AD4C000D7D69 /* PBXTargetDependency */,
			);
			name = MachOUITests;
			productName = MachOUITests;
			productReference = 35B299402403AD4C000D7D69 /* MachOUITests.xctest */;
			productType = "com.apple.product-type.bundle.ui-testing";
		};
/* End PBXNativeTarget section */

/* Begin PBXProject section */
		35B299172403AD49000D7D69 /* Project object */ = {
			isa = PBXProject;
			attributes = {
				LastSwiftUpdateCheck = 1130;
				LastUpgradeCheck = 1130;
				ORGANIZATIONNAME = XLsn0w;
				TargetAttributes = {
					35B2991E2403AD49000D7D69 = {
						CreatedOnToolsVersion = 11.3.1;
					};
					35B299342403AD4B000D7D69 = {
						CreatedOnToolsVersion = 11.3.1;
						TestTargetID = 35B2991E2403AD49000D7D69;
					};
					35B2993F2403AD4C000D7D69 = {
						CreatedOnToolsVersion = 11.3.1;
						TestTargetID = 35B2991E2403AD49000D7D69;
					};
				};
			};
			buildConfigurationList = 35B2991A2403AD49000D7D69 /* Build configuration list for PBXProject "MachO" */;
			compatibilityVersion = "Xcode 9.3";
			developmentRegion = en;
			hasScannedForEncodings = 0;
			knownRegions = (
				en,
				Base,
			);
			mainGroup = 35B299162403AD49000D7D69;
			productRefGroup = 35B299202403AD49000D7D69 /* Products */;
			projectDirPath = "";
			projectRoot = "";
			targets = (
				35B2991E2403AD49000D7D69 /* MachO */,
				35B299342403AD4B000D7D69 /* MachOTests */,
				35B2993F2403AD4C000D7D69 /* MachOUITests */,
			);
		};
/* End PBXProject section */

/* Begin PBXResourcesBuildPhase section */
		35B2991D2403AD49000D7D69 /* Resources */ = {
			isa = PBXResourcesBuildPhase;
			buildActionMask = 2147483647;
			files = (
			);
			runOnlyForDeploymentPostprocessing = 0;
		};
		35B299332403AD4B000D7D69 /* Resources */ = {
			isa = PBXResourcesBuildPhase;
			buildActionMask = 2147483647;
			files = (
			);
			runOnlyForDeploymentPostprocessing = 0;
		};
		35B2993E2403AD4C000D7D69 /* Resources */ = {
			isa = PBXResourcesBuildPhase;
			buildActionMask = 2147483647;
			files = (
			);
			runOnlyForDeploymentPostprocessing = 0;
		};
/* End PBXResourcesBuildPhase section */

/* Begin PBXSourcesBuildPhase section */
		35B2991B2403AD49000D7D69 /* Sources */ = {
			isa = PBXSourcesBuildPhase;
			buildActionMask = 2147483647;
			files = (
				35B299532403AD64000D7D69 /* MachO.swift in Sources */,
				35456DAD240F9AAA000951D5 /* swift_grammar.swift in Sources */,
				35DD7F6A24065BA900551E76 /* UI.swift in Sources */,
				35DD7F6C2406BD9700551E76 /* runtime.swift in Sources */,
			);
			runOnlyForDeploymentPostprocessing = 0;
		};
		35B299312403AD4B000D7D69 /* Sources */ = {
			isa = PBXSourcesBuildPhase;
			buildActionMask = 2147483647;
			files = (
				35B2993A2403AD4B000D7D69 /* MachOTests.swift in Sources */,
			);
			runOnlyForDeploymentPostprocessing = 0;
		};
		35B2993C2403AD4C000D7D69 /* Sources */ = {
			isa = PBXSourcesBuildPhase;
			buildActionMask = 2147483647;
			files = (
				35B299452403AD4C000D7D69 /* MachOUITests.swift in Sources */,
			);
			runOnlyForDeploymentPostprocessing = 0;
		};
/* End PBXSourcesBuildPhase section */

/* Begin PBXTargetDependency section */
		35B299372403AD4B000D7D69 /* PBXTargetDependency */ = {
			isa = PBXTargetDependency;
			target = 35B2991E2403AD49000D7D69 /* MachO */;
			targetProxy = 35B299362403AD4B000D7D69 /* PBXContainerItemProxy */;
		};
		35B299422403AD4C000D7D69 /* PBXTargetDependency */ = {
			isa = PBXTargetDependency;
			target = 35B2991E2403AD49000D7D69 /* MachO */;
			targetProxy = 35B299412403AD4C000D7D69 /* PBXContainerItemProxy */;
		};
/* End PBXTargetDependency section */

/* Begin XCBuildConfiguration section */
		35B299472403AD4C000D7D69 /* Debug */ = {
			isa = XCBuildConfiguration;
			buildSettings = {
				ALWAYS_SEARCH_USER_PATHS = NO;
				CLANG_ANALYZER_NONNULL = YES;
				CLANG_ANALYZER_NUMBER_OBJECT_CONVERSION = YES_AGGRESSIVE;
				CLANG_CXX_LANGUAGE_STANDARD = "gnu++14";
				CLANG_CXX_LIBRARY = "libc++";
				CLANG_ENABLE_MODULES = YES;
				CLANG_ENABLE_OBJC_ARC = YES;
				CLANG_ENABLE_OBJC_WEAK = YES;
				CLANG_WARN_BLOCK_CAPTURE_AUTORELEASING = YES;
				CLANG_WARN_BOOL_CONVERSION = YES;
				CLANG_WARN_COMMA = YES;
				CLANG_WARN_CONSTANT_CONVERSION = YES;
				CLANG_WARN_DEPRECATED_OBJC_IMPLEMENTATIONS = YES;
				CLANG_WARN_DIRECT_OBJC_ISA_USAGE = YES_ERROR;
				CLANG_WARN_DOCUMENTATION_COMMENTS = YES;
				CLANG_WARN_EMPTY_BODY = YES;
				CLANG_WARN_ENUM_CONVERSION = YES;
				CLANG_WARN_INFINITE_RECURSION = YES;
				CLANG_WARN_INT_CONVERSION = YES;
				CLANG_WARN_NON_LITERAL_NULL_CONVERSION = YES;
				CLANG_WARN_OBJC_IMPLICIT_RETAIN_SELF = YES;
				CLANG_WARN_OBJC_LITERAL_CONVERSION = YES;
				CLANG_WARN_OBJC_ROOT_CLASS = YES_ERROR;
				CLANG_WARN_RANGE_LOOP_ANALYSIS = YES;
				CLANG_WARN_STRICT_PROTOTYPES = YES;
				CLANG_WARN_SUSPICIOUS_MOVE = YES;
				CLANG_WARN_UNGUARDED_AVAILABILITY = YES_AGGRESSIVE;
				CLANG_WARN_UNREACHABLE_CODE = YES;
				CLANG_WARN__DUPLICATE_METHOD_MATCH = YES;
				COPY_PHASE_STRIP = NO;
				DEBUG_INFORMATION_FORMAT = dwarf;
				ENABLE_STRICT_OBJC_MSGSEND = YES;
				ENABLE_TESTABILITY = YES;
				GCC_C_LANGUAGE_STANDARD = gnu11;
				GCC_DYNAMIC_NO_PIC = NO;
				GCC_NO_COMMON_BLOCKS = YES;
				GCC_OPTIMIZATION_LEVEL = 0;
				GCC_PREPROCESSOR_DEFINITIONS = (
					"DEBUG=1",
					"$(inherited)",
				);
				GCC_WARN_64_TO_32_BIT_CONVERSION = YES;
				GCC_WARN_ABOUT_RETURN_TYPE = YES_ERROR;
				GCC_WARN_UNDECLARED_SELECTOR = YES;
				GCC_WARN_UNINITIALIZED_AUTOS = YES_AGGRESSIVE;
				GCC_WARN_UNUSED_FUNCTION = YES;
				GCC_WARN_UNUSED_VARIABLE = YES;
				IPHONEOS_DEPLOYMENT_TARGET = 13.2;
				MTL_ENABLE_DEBUG_INFO = INCLUDE_SOURCE;
				MTL_FAST_MATH = YES;
				ONLY_ACTIVE_ARCH = YES;
				SDKROOT = iphoneos;
				SWIFT_ACTIVE_COMPILATION_CONDITIONS = DEBUG;
				SWIFT_OPTIMIZATION_LEVEL = "-Onone";
			};
			name = Debug;
		};
		35B299482403AD4C000D7D69 /* Release */ = {
			isa = XCBuildConfiguration;
			buildSettings = {
				ALWAYS_SEARCH_USER_PATHS = NO;
				CLANG_ANALYZER_NONNULL = YES;
				CLANG_ANALYZER_NUMBER_OBJECT_CONVERSION = YES_AGGRESSIVE;
				CLANG_CXX_LANGUAGE_STANDARD = "gnu++14";
				CLANG_CXX_LIBRARY = "libc++";
				CLANG_ENABLE_MODULES = YES;
				CLANG_ENABLE_OBJC_ARC = YES;
				CLANG_ENABLE_OBJC_WEAK = YES;
				CLANG_WARN_BLOCK_CAPTURE_AUTORELEASING = YES;
				CLANG_WARN_BOOL_CONVERSION = YES;
				CLANG_WARN_COMMA = YES;
				CLANG_WARN_CONSTANT_CONVERSION = YES;
				CLANG_WARN_DEPRECATED_OBJC_IMPLEMENTATIONS = YES;
				CLANG_WARN_DIRECT_OBJC_ISA_USAGE = YES_ERROR;
				CLANG_WARN_DOCUMENTATION_COMMENTS = YES;
				CLANG_WARN_EMPTY_BODY = YES;
				CLANG_WARN_ENUM_CONVERSION = YES;
				CLANG_WARN_INFINITE_RECURSION = YES;
				CLANG_WARN_INT_CONVERSION = YES;
				CLANG_WARN_NON_LITERAL_NULL_CONVERSION = YES;
				CLANG_WARN_OBJC_IMPLICIT_RETAIN_SELF = YES;
				CLANG_WARN_OBJC_LITERAL_CONVERSION = YES;
				CLANG_WARN_OBJC_ROOT_CLASS = YES_ERROR;
				CLANG_WARN_RANGE_LOOP_ANALYSIS = YES;
				CLANG_WARN_STRICT_PROTOTYPES = YES;
				CLANG_WARN_SUSPICIOUS_MOVE = YES;
				CLANG_WARN_UNGUARDED_AVAILABILITY = YES_AGGRESSIVE;
				CLANG_WARN_UNREACHABLE_CODE = YES;
				CLANG_WARN__DUPLICATE_METHOD_MATCH = YES;
				COPY_PHASE_STRIP = NO;
				DEBUG_INFORMATION_FORMAT = "dwarf-with-dsym";
				ENABLE_NS_ASSERTIONS = NO;
				ENABLE_STRICT_OBJC_MSGSEND = YES;
				GCC_C_LANGUAGE_STANDARD = gnu11;
				GCC_NO_COMMON_BLOCKS = YES;
				GCC_WARN_64_TO_32_BIT_CONVERSION = YES;
				GCC_WARN_ABOUT_RETURN_TYPE = YES_ERROR;
				GCC_WARN_UNDECLARED_SELECTOR = YES;
				GCC_WARN_UNINITIALIZED_AUTOS = YES_AGGRESSIVE;
				GCC_WARN_UNUSED_FUNCTION = YES;
				GCC_WARN_UNUSED_VARIABLE = YES;
				IPHONEOS_DEPLOYMENT_TARGET = 13.2;
				MTL_ENABLE_DEBUG_INFO = NO;
				MTL_FAST_MATH = YES;
				SDKROOT = iphoneos;
				SWIFT_COMPILATION_MODE = wholemodule;
				SWIFT_OPTIMIZATION_LEVEL = "-O";
				VALIDATE_PRODUCT = YES;
			};
			name = Release;
		};
		35B2994A2403AD4C000D7D69 /* Debug */ = {
			isa = XCBuildConfiguration;
			buildSettings = {
				ASSETCATALOG_COMPILER_APPICON_NAME = AppIcon;
				CODE_SIGN_STYLE = Automatic;
				INFOPLIST_FILE = MachO/Info.plist;
				LD_RUNPATH_SEARCH_PATHS = (
					"$(inherited)",
					"@executable_path/Frameworks",
				);
				PRODUCT_BUNDLE_IDENTIFIER = com.xlsn0w.MachO;
				PRODUCT_NAME = "$(TARGET_NAME)";
				SWIFT_VERSION = 5.0;
				TARGETED_DEVICE_FAMILY = "1,2";
			};
			name = Debug;
		};
		35B2994B2403AD4C000D7D69 /* Release */ = {
			isa = XCBuildConfiguration;
			buildSettings = {
				ASSETCATALOG_COMPILER_APPICON_NAME = AppIcon;
				CODE_SIGN_STYLE = Automatic;
				INFOPLIST_FILE = MachO/Info.plist;
				LD_RUNPATH_SEARCH_PATHS = (
					"$(inherited)",
					"@executable_path/Frameworks",
				);
				PRODUCT_BUNDLE_IDENTIFIER = com.xlsn0w.MachO;
				PRODUCT_NAME = "$(TARGET_NAME)";
				SWIFT_VERSION = 5.0;
				TARGETED_DEVICE_FAMILY = "1,2";
			};
			name = Release;
		};
		35B2994D2403AD4C000D7D69 /* Debug */ = {
			isa = XCBuildConfiguration;
			buildSettings = {
				ALWAYS_EMBED_SWIFT_STANDARD_LIBRARIES = YES;
				BUNDLE_LOADER = "$(TEST_HOST)";
				CODE_SIGN_STYLE = Automatic;
				INFOPLIST_FILE = MachOTests/Info.plist;
				IPHONEOS_DEPLOYMENT_TARGET = 13.2;
				LD_RUNPATH_SEARCH_PATHS = (
					"$(inherited)",
					"@executable_path/Frameworks",
					"@loader_path/Frameworks",
				);
				PRODUCT_BUNDLE_IDENTIFIER = com.xlsn0w.MachOTests;
				PRODUCT_NAME = "$(TARGET_NAME)";
				SWIFT_VERSION = 5.0;
				TARGETED_DEVICE_FAMILY = "1,2";
				TEST_HOST = "$(BUILT_PRODUCTS_DIR)/MachO.app/MachO";
			};
			name = Debug;
		};
		35B2994E2403AD4C000D7D69 /* Release */ = {
			isa = XCBuildConfiguration;
			buildSettings = {
				ALWAYS_EMBED_SWIFT_STANDARD_LIBRARIES = YES;
				BUNDLE_LOADER = "$(TEST_HOST)";
				CODE_SIGN_STYLE = Automatic;
				INFOPLIST_FILE = MachOTests/Info.plist;
				IPHONEOS_DEPLOYMENT_TARGET = 13.2;
				LD_RUNPATH_SEARCH_PATHS = (
					"$(inherited)",
					"@executable_path/Frameworks",
					"@loader_path/Frameworks",
				);
				PRODUCT_BUNDLE_IDENTIFIER = com.xlsn0w.MachOTests;
				PRODUCT_NAME = "$(TARGET_NAME)";
				SWIFT_VERSION = 5.0;
				TARGETED_DEVICE_FAMILY = "1,2";
				TEST_HOST = "$(BUILT_PRODUCTS_DIR)/MachO.app/MachO";
			};
			name = Release;
		};
		35B299502403AD4C000D7D69 /* Debug */ = {
			isa = XCBuildConfiguration;
			buildSettings = {
				ALWAYS_EMBED_SWIFT_STANDARD_LIBRARIES = YES;
				CODE_SIGN_STYLE = Automatic;
				INFOPLIST_FILE = MachOUITests/Info.plist;
				LD_RUNPATH_SEARCH_PATHS = (
					"$(inherited)",
					"@executable_path/Frameworks",
					"@loader_path/Frameworks",
				);
				PRODUCT_BUNDLE_IDENTIFIER = com.xlsn0w.MachOUITests;
				PRODUCT_NAME = "$(TARGET_NAME)";
				SWIFT_VERSION = 5.0;
				TARGETED_DEVICE_FAMILY = "1,2";
				TEST_TARGET_NAME = MachO;
			};
			name = Debug;
		};
		35B299512403AD4C000D7D69 /* Release */ = {
			isa = XCBuildConfiguration;
			buildSettings = {
				ALWAYS_EMBED_SWIFT_STANDARD_LIBRARIES = YES;
				CODE_SIGN_STYLE = Automatic;
				INFOPLIST_FILE = MachOUITests/Info.plist;
				LD_RUNPATH_SEARCH_PATHS = (
					"$(inherited)",
					"@executable_path/Frameworks",
					"@loader_path/Frameworks",
				);
				PRODUCT_BUNDLE_IDENTIFIER = com.xlsn0w.MachOUITests;
				PRODUCT_NAME = "$(TARGET_NAME)";
				SWIFT_VERSION = 5.0;
				TARGETED_DEVICE_FAMILY = "1,2";
				TEST_TARGET_NAME = MachO;
			};
			name = Release;
		};
/* End XCBuildConfiguration section */

/* Begin XCConfigurationList section */
		35B2991A2403AD49000D7D69 /* Build configuration list for PBXProject "MachO" */ = {
			isa = XCConfigurationList;
			buildConfigurations = (
				35B299472403AD4C000D7D69 /* Debug */,
				35B299482403AD4C000D7D69 /* Release */,
			);
			defaultConfigurationIsVisible = 0;
			defaultConfigurationName = Release;
		};
		35B299492403AD4C000D7D69 /* Build configuration list for PBXNativeTarget "MachO" */ = {
			isa = XCConfigurationList;
			buildConfigurations = (
				35B2994A2403AD4C000D7D69 /* Debug */,
				35B2994B2403AD4C000D7D69 /* Release */,
			);
			defaultConfigurationIsVisible = 0;
			defaultConfigurationName = Release;
		};
		35B2994C2403AD4C000D7D69 /* Build configuration list for PBXNativeTarget "MachOTests" */ = {
			isa = XCConfigurationList;
			buildConfigurations = (
				35B2994D2403AD4C000D7D69 /* Debug */,
				35B2994E2403AD4C000D7D69 /* Release */,
			);
			defaultConfigurationIsVisible = 0;
			defaultConfigurationName = Release;
		};
		35B2994F2403AD4C000D7D69 /* Build configuration list for PBXNativeTarget "MachOUITests" */ = {
			isa = XCConfigurationList;
			buildConfigurations = (
				35B299502403AD4C000D7D69 /* Debug */,
				35B299512403AD4C000D7D69 /* Release */,
			);
			defaultConfigurationIsVisible = 0;
			defaultConfigurationName = Release;
		};
/* End XCConfigurationList section */
	};
	rootObject = 35B299172403AD49000D7D69 /* Project object */;
}
